
Microsoft Visual Studio Solution File, Format Version 12.00
# Visual Studio Version 17
VisualStudioVersion = 17.3.32819.101
MinimumVisualStudioVersion = 10.0.40219.1
Project("{9A19103F-16F7-4668-BE54-9A1E7A4F7556}") = "DataAccess", "DataAccess\DataAccess.csproj", "{AEF57ECC-5C1C-4AC7-9C87-B0BE716CD139}"
EndProject
Project("{9A19103F-16F7-4668-BE54-9A1E7A4F7556}") = "Business", "Business\Business.csproj", "{F8E6A3EA-3F68-41F3-8B54-C052A7D60A2A}"
EndProject
Project("{9A19103F-16F7-4668-BE54-9A1E7A4F7556}") = "Entities", "Entities\Entities.csproj", "{BE4F390D-43D7-4FC3-981B-9E8A118AEEC0}"
EndProject
Project("{9A19103F-16F7-4668-BE54-9A1E7A4F7556}") = "consolUI", "consol\consolUI.csproj", "{50624B10-8D85-4DDE-B440-A9A4125AC9C3}"
EndProject
Project("{FAE04EC0-301F-11D3-BF4B-00C04F79EFBC}") = "Core", "Core\Core.csproj", "{610EC3E3-F8CE-4B0F-A612-5CA0EF85C799}"
EndProject
Global
	GlobalSection(SolutionConfigurationPlatforms) = preSolution
		Debug|Any CPU = Debug|Any CPU
		Release|Any CPU = Release|Any CPU
	EndGlobalSection
	GlobalSection(ProjectConfigurationPlatforms) = postSolution
		{AEF57ECC-5C1C-4AC7-9C87-B0BE716CD139}.Debug|Any CPU.ActiveCfg = Debug|Any CPU
		{AEF57ECC-5C1C-4AC7-9C87-B0BE716CD139}.Debug|Any CPU.Build.0 = Debug|Any CPU
		{AEF57ECC-5C1C-4AC7-9C87-B0BE716CD139}.Release|Any CPU.ActiveCfg = Release|Any CPU
		{AEF57ECC-5C1C-4AC7-9C87-B0BE716CD139}.Release|Any CPU.Build.0 = Release|Any CPU
		{F8E6A3EA-3F68-41F3-8B54-C052A7D60A2A}.Debug|Any CPU.ActiveCfg = Debug|Any CPU
		{F8E6A3EA-3F68-41F3-8B54-C052A7D60A2A}.Debug|Any CPU.Build.0 = Debug|Any CPU
		{F8E6A3EA-3F68-41F3-8B54-C052A7D60A2A}.Release|Any CPU.ActiveCfg = Release|Any CPU
		{F8E6A3EA-3F68-41F3-8B54-C052A7D60A2A}.Release|Any CPU.Build.0 = Release|Any CPU
		{BE4F390D-43D7-4FC3-981B-9E8A118AEEC0}.Debug|Any CPU.ActiveCfg = Debug|Any CPU
		{BE4F390D-43D7-4FC3-981B-9E8A118AEEC0}.Debug|Any CPU.Build.0 = Debug|Any CPU
		{BE4F390D-43D7-4FC3-981B-9E8A118AEEC0}.Release|Any CPU.ActiveCfg = Release|Any CPU
		{BE4F390D-43D7-4FC3-981B-9E8A118AEEC0}.Release|Any CPU.Build.0 = Release|Any CPU
		{50624B10-8D85-4DDE-B440-A9A4125AC9C3}.Debug|Any CPU.ActiveCfg = Debug|Any CPU
		{50624B10-8D85-4DDE-B440-A9A4125AC9C3}.Debug|Any CPU.Build.0 = Debug|Any CPU
		{50624B10-8D85-4DDE-B440-A9A4125AC9C3}.Release|Any CPU.ActiveCfg = Release|Any CPU
		{50624B10-8D85-4DDE-B440-A9A4125AC9C3}.Release|Any CPU.Build.0 = Release|Any CPU
		{610EC3E3-F8CE-4B0F-A612-5CA0EF85C799}.Debug|Any CPU.ActiveCfg = Debug|Any CPU
		{610EC3E3-F8CE-4B0F-A612-5CA0EF85C799}.Debug|Any CPU.Build.0 = Debug|Any CPU
		{610EC3E3-F8CE-4B0F-A612-5CA0EF85C799}.Release|Any CPU.ActiveCfg = Release|Any CPU
		{610EC3E3-F8CE-4B0F-A612-5CA0EF85C799}.Release|Any CPU.Build.0 = Release|Any CPU
	EndGlobalSection
	GlobalSection(SolutionProperties) = preSolution
		HideSolutionNode = FALSE
	EndGlobalSection
	GlobalSection(ExtensibilityGlobals) = postSolution
		SolutionGuid = {6D64944F-A901-408B-BC14-658E3CCA64E9}
	EndGlobalSection
EndGlobal
